<?xml version="1.0" encoding="utf-8"?>
<Project ToolsVersion="4.0" xmlns="http://schemas.microsoft.com/developer/msbuild/2003">
  <ItemGroup>
    <Filter Include="Common">
      <UniqueIdentifier>30ed1302-b202-4051-bef9-8496ab00d5c7</UniqueIdentifier>
    </Filter>
    <Filter Include="Assets">
      <UniqueIdentifier>05cc9420-c977-4e2c-9dc3-6e580e203fcc</UniqueIdentifier>
      <Extensions>ico;cur;bmp;dds;dlg;fbx;rct;bin;rgs;gif;jpg;jpeg;jpe;resx;tga;tiff;tif;png;wav;mfcribbon-ms</Extensions>
    </Filter>
    <Filter Include="InfoWindow">
      <UniqueIdentifier>{c14b3f69-0a79-4e82-8178-d4d625c8b4bb}</UniqueIdentifier>
    </Filter>
  </ItemGroup>
  <ItemGroup>
    <ClInclude Include="pch.h" />
    <ClInclude Include="Game.h" />
    <ClInclude Include="StepTimer.h">
      <Filter>Common</Filter>
    </ClInclude>
    <ClInclude Include="DeviceResources.h">
      <Filter>Common</Filter>
    </ClInclude>
    <ClInclude Include="GameObjectManager.h" />
    <ClInclude Include="GameContext.h" />
    <ClInclude Include="GameObject.h" />
    <ClInclude Include="ServiceLocator.h" />
    <ClInclude Include="DebugFont.h" />
    <ClInclude Include="GameState.h" />
    <ClInclude Include="GameStateManager.h" />
    <ClInclude Include="PauseState.h" />
    <ClInclude Include="PlayState.h" />
    <ClInclude Include="TitleState.h" />
    <ClInclude Include="Utilities.h" />
    <ClInclude Include="Collider.h" />
    <ClInclude Include="CollisionManager.h" />
    <ClInclude Include="SphereCollider.h" />
    <ClInclude Include="BoxCollider.h" />
    <ClInclude Include="ObjectManager.h" />
    <ClInclude Include="InfoWindow.h">
      <Filter>InfoWindow</Filter>
    </ClInclude>
    <ClInclude Include="Moji.h">
      <Filter>InfoWindow</Filter>
    </ClInclude>
    <ClInclude Include="Score.h">
      <Filter>InfoWindow</Filter>
    </ClInclude>
    <ClInclude Include="Blink.h">
      <Filter>InfoWindow</Filter>
    </ClInclude>
    <ClInclude Include="PartsInfo.h">
      <Filter>InfoWindow</Filter>
    </ClInclude>
  </ItemGroup>
  <ItemGroup>
    <ClCompile Include="pch.cpp" />
    <ClCompile Include="Game.cpp" />
    <ClCompile Include="Main.cpp" />
    <ClCompile Include="DeviceResources.cpp">
      <Filter>Common</Filter>
    </ClCompile>
    <ClCompile Include="GameObjectManager.cpp" />
    <ClCompile Include="GameObject.cpp" />
    <ClCompile Include="GameStateManager.cpp" />
    <ClCompile Include="PauseState.cpp" />
    <ClCompile Include="PlayState.cpp" />
    <ClCompile Include="TitleState.cpp" />
    <ClCompile Include="DebugFont.cpp" />
    <ClCompile Include="Collider.cpp" />
    <ClCompile Include="CollisionManager.cpp" />
    <ClCompile Include="SphereCollider.cpp" />
    <ClCompile Include="BoxCollider.cpp" />
    <ClCompile Include="ObjectManager.cpp" />
    <ClCompile Include="InfoWindow.cpp">
      <Filter>InfoWindow</Filter>
    </ClCompile>
    <ClCompile Include="Moji.cpp">
      <Filter>InfoWindow</Filter>
    </ClCompile>
    <ClCompile Include="Score.cpp">
      <Filter>InfoWindow</Filter>
    </ClCompile>
    <ClCompile Include="Blink.cpp">
      <Filter>InfoWindow</Filter>
    </ClCompile>
    <ClCompile Include="PartsInfo.cpp">
      <Filter>InfoWindow</Filter>
    </ClCompile>
  </ItemGroup>
  <ItemGroup>
    <ResourceCompile Include="resource.rc" />
  </ItemGroup>
  <ItemGroup>
    <Image Include="directx.ico">
      <Filter>Assets</Filter>
    </Image>
  </ItemGroup>
  <ItemGroup>
    <Manifest Include="settings.manifest">
      <Filter>Assets</Filter>
    </Manifest>
  </ItemGroup>
</Project>