<?xml version="1.0" encoding="utf-8"?>
<Project ToolsVersion="4.0" xmlns="http://schemas.microsoft.com/developer/msbuild/2003">
  <ItemGroup>
    <Filter Include="Common">
      <UniqueIdentifier>30ed1302-b202-4051-bef9-8496ab00d5c7</UniqueIdentifier>
    </Filter>
    <Filter Include="Assets">
      <UniqueIdentifier>05cc9420-c977-4e2c-9dc3-6e580e203fcc</UniqueIdentifier>
      <Extensions>ico;cur;bmp;dds;dlg;fbx;rct;bin;rgs;gif;jpg;jpeg;jpe;resx;tga;tiff;tif;png;wav;mfcribbon-ms</Extensions>
    </Filter>
    <Filter Include="InfoWindow">
      <UniqueIdentifier>{c14b3f69-0a79-4e82-8178-d4d625c8b4bb}</UniqueIdentifier>
    </Filter>
    <Filter Include="GameWindow">
      <UniqueIdentifier>{6462da9c-c6d8-4113-8ec2-4cc4ef17814a}</UniqueIdentifier>
    </Filter>
    <Filter Include="Collision">
      <UniqueIdentifier>{6d9b9167-1667-458e-8caa-d9c8c584681d}</UniqueIdentifier>
    </Filter>
    <Filter Include="Object">
      <UniqueIdentifier>{d7ec4604-1db2-4029-8ad6-2259407c962a}</UniqueIdentifier>
    </Filter>
    <Filter Include="GameState">
      <UniqueIdentifier>{277a7929-febb-4708-b200-af4924526a59}</UniqueIdentifier>
    </Filter>
    <Filter Include="Assets\FBX">
      <UniqueIdentifier>{d5c9d5c0-d8ce-46df-80c2-7531cebb1d17}</UniqueIdentifier>
    </Filter>
    <Filter Include="StageData">
      <UniqueIdentifier>{a0cc27e3-5841-4722-b5b1-e5272b6fa64f}</UniqueIdentifier>
    </Filter>
  </ItemGroup>
  <ItemGroup>
    <ClInclude Include="pch.h" />
    <ClInclude Include="Game.h" />
    <ClInclude Include="StepTimer.h">
      <Filter>Common</Filter>
    </ClInclude>
    <ClInclude Include="DeviceResources.h">
      <Filter>Common</Filter>
    </ClInclude>
    <ClInclude Include="GameContext.h" />
    <ClInclude Include="ServiceLocator.h" />
    <ClInclude Include="DebugFont.h" />
    <ClInclude Include="Utilities.h" />
    <ClInclude Include="SphereCollider.h" />
    <ClInclude Include="InfoWindow.h">
      <Filter>InfoWindow</Filter>
    </ClInclude>
    <ClInclude Include="Moji.h">
      <Filter>InfoWindow</Filter>
    </ClInclude>
    <ClInclude Include="Score.h">
      <Filter>InfoWindow</Filter>
    </ClInclude>
    <ClInclude Include="Blink.h">
      <Filter>InfoWindow</Filter>
    </ClInclude>
    <ClInclude Include="PartsInfo.h">
      <Filter>InfoWindow</Filter>
    </ClInclude>
    <ClInclude Include="Life.h">
      <Filter>InfoWindow</Filter>
    </ClInclude>
    <ClInclude Include="Round.h">
      <Filter>InfoWindow</Filter>
    </ClInclude>
    <ClInclude Include="GameWindow.h">
      <Filter>GameWindow</Filter>
    </ClInclude>
    <ClInclude Include="Collider.h">
      <Filter>Collision</Filter>
    </ClInclude>
    <ClInclude Include="CollisionManager.h">
      <Filter>Collision</Filter>
    </ClInclude>
    <ClInclude Include="BoxCollider.h">
      <Filter>Collision</Filter>
    </ClInclude>
    <ClInclude Include="GameObject.h">
      <Filter>Object</Filter>
    </ClInclude>
    <ClInclude Include="GameObjectManager.h">
      <Filter>Object</Filter>
    </ClInclude>
    <ClInclude Include="ObjectManager.h">
      <Filter>Object</Filter>
    </ClInclude>
    <ClInclude Include="GameState.h">
      <Filter>GameState</Filter>
    </ClInclude>
    <ClInclude Include="GameStateManager.h">
      <Filter>GameState</Filter>
    </ClInclude>
    <ClInclude Include="TitleState.h">
      <Filter>GameState</Filter>
    </ClInclude>
    <ClInclude Include="PauseState.h">
      <Filter>GameState</Filter>
    </ClInclude>
    <ClInclude Include="PlayState.h">
      <Filter>GameState</Filter>
    </ClInclude>
    <ClInclude Include="Camera.h" />
    <ClInclude Include="Stage.h">
      <Filter>GameWindow</Filter>
    </ClInclude>
    <ClInclude Include="Bg.h">
      <Filter>GameWindow</Filter>
    </ClInclude>
    <ClInclude Include="Floor.h">
      <Filter>GameWindow</Filter>
    </ClInclude>
    <ClInclude Include="Object.h">
      <Filter>Object</Filter>
    </ClInclude>
    <ClInclude Include="Parts.h">
      <Filter>Object</Filter>
    </ClInclude>
    <ClInclude Include="Player.h">
      <Filter>Object</Filter>
    </ClInclude>
    <ClInclude Include="Enemy01.h">
      <Filter>Object</Filter>
    </ClInclude>
    <ClInclude Include="Enemy02.h">
      <Filter>Object</Filter>
    </ClInclude>
  </ItemGroup>
  <ItemGroup>
    <ClCompile Include="pch.cpp" />
    <ClCompile Include="Game.cpp" />
    <ClCompile Include="Main.cpp" />
    <ClCompile Include="DeviceResources.cpp">
      <Filter>Common</Filter>
    </ClCompile>
    <ClCompile Include="DebugFont.cpp" />
    <ClCompile Include="SphereCollider.cpp" />
    <ClCompile Include="InfoWindow.cpp">
      <Filter>InfoWindow</Filter>
    </ClCompile>
    <ClCompile Include="Moji.cpp">
      <Filter>InfoWindow</Filter>
    </ClCompile>
    <ClCompile Include="Score.cpp">
      <Filter>InfoWindow</Filter>
    </ClCompile>
    <ClCompile Include="Blink.cpp">
      <Filter>InfoWindow</Filter>
    </ClCompile>
    <ClCompile Include="PartsInfo.cpp">
      <Filter>InfoWindow</Filter>
    </ClCompile>
    <ClCompile Include="Life.cpp">
      <Filter>InfoWindow</Filter>
    </ClCompile>
    <ClCompile Include="Round.cpp">
      <Filter>InfoWindow</Filter>
    </ClCompile>
    <ClCompile Include="GameWindow.cpp">
      <Filter>GameWindow</Filter>
    </ClCompile>
    <ClCompile Include="Collider.cpp">
      <Filter>Collision</Filter>
    </ClCompile>
    <ClCompile Include="CollisionManager.cpp">
      <Filter>Collision</Filter>
    </ClCompile>
    <ClCompile Include="BoxCollider.cpp">
      <Filter>Collision</Filter>
    </ClCompile>
    <ClCompile Include="GameObject.cpp">
      <Filter>Object</Filter>
    </ClCompile>
    <ClCompile Include="GameObjectManager.cpp">
      <Filter>Object</Filter>
    </ClCompile>
    <ClCompile Include="ObjectManager.cpp">
      <Filter>Object</Filter>
    </ClCompile>
    <ClCompile Include="GameStateManager.cpp">
      <Filter>GameState</Filter>
    </ClCompile>
    <ClCompile Include="TitleState.cpp">
      <Filter>GameState</Filter>
    </ClCompile>
    <ClCompile Include="PauseState.cpp">
      <Filter>GameState</Filter>
    </ClCompile>
    <ClCompile Include="PlayState.cpp">
      <Filter>GameState</Filter>
    </ClCompile>
    <ClCompile Include="Camera.cpp" />
    <ClCompile Include="Stage.cpp">
      <Filter>GameWindow</Filter>
    </ClCompile>
    <ClCompile Include="Bg.cpp">
      <Filter>GameWindow</Filter>
    </ClCompile>
    <ClCompile Include="Floor.cpp">
      <Filter>GameWindow</Filter>
    </ClCompile>
    <ClCompile Include="Object.cpp">
      <Filter>Object</Filter>
    </ClCompile>
    <ClCompile Include="Parts.cpp">
      <Filter>Object</Filter>
    </ClCompile>
    <ClCompile Include="Player.cpp">
      <Filter>Object</Filter>
    </ClCompile>
    <ClCompile Include="Enemy01.cpp">
      <Filter>Object</Filter>
    </ClCompile>
    <ClCompile Include="Enemy02.cpp">
      <Filter>Object</Filter>
    </ClCompile>
  </ItemGroup>
  <ItemGroup>
    <ResourceCompile Include="resource.rc" />
  </ItemGroup>
  <ItemGroup>
    <Image Include="directx.ico">
      <Filter>Assets</Filter>
    </Image>
  </ItemGroup>
  <ItemGroup>
    <Manifest Include="settings.manifest">
      <Filter>Assets</Filter>
    </Manifest>
  </ItemGroup>
  <ItemGroup>
    <None Include="StageData\Stage01.csv">
      <Filter>StageData</Filter>
    </None>
  </ItemGroup>
  <ItemGroup>
    <MeshContentTask Include="FBX\floorPanel_01.FBX">
      <Filter>Assets\FBX</Filter>
    </MeshContentTask>
    <MeshContentTask Include="FBX\player_02.FBX">
      <Filter>Assets\FBX</Filter>
    </MeshContentTask>
    <MeshContentTask Include="FBX\player_01.FBX">
      <Filter>Assets\FBX</Filter>
    </MeshContentTask>
    <MeshContentTask Include="FBX\powerupParts.FBX">
      <Filter>Assets\FBX</Filter>
    </MeshContentTask>
    <MeshContentTask Include="FBX\jumpParts.FBX">
      <Filter>Assets\FBX</Filter>
    </MeshContentTask>
    <MeshContentTask Include="FBX\bg.FBX">
      <Filter>Assets\FBX</Filter>
    </MeshContentTask>
    <MeshContentTask Include="FBX\floorPanel_00.FBX">
      <Filter>Assets\FBX</Filter>
    </MeshContentTask>
    <MeshContentTask Include="FBX\enemy_01.FBX">
      <Filter>Assets\FBX</Filter>
    </MeshContentTask>
  </ItemGroup>
</Project>